
Microsoft Visual Studio Solution File, Format Version 12.00
# Visual Studio Version 17
VisualStudioVersion = 17.3.32825.248
MinimumVisualStudioVersion = 10.0.40219.1
Project("{FAE04EC0-301F-11D3-BF4B-00C04F79EFBC}") = "ShoppingCart", "ShoppingCart.csproj", "{6CC58038-B168-4B30-A59A-7F4111710414}"
EndProject
Project("{2150E333-8FDC-42A3-9474-1A3956D46DE8}") = "ProjetoShoppingCart", "ProjetoShoppingCart", "{4CF8F76F-C483-41DF-9233-DE148A83DFEF}"
	ProjectSection(SolutionItems) = preProject
		ProjectShopCart.md = ProjectShopCart.md
	EndProjectSection
EndProject
Global
	GlobalSection(SolutionConfigurationPlatforms) = preSolution
		Debug|Any CPU = Debug|Any CPU
		Release|Any CPU = Release|Any CPU
	EndGlobalSection
	GlobalSection(ProjectConfigurationPlatforms) = postSolution
		{6CC58038-B168-4B30-A59A-7F4111710414}.Debug|Any CPU.ActiveCfg = Debug|Any CPU
		{6CC58038-B168-4B30-A59A-7F4111710414}.Debug|Any CPU.Build.0 = Debug|Any CPU
		{6CC58038-B168-4B30-A59A-7F4111710414}.Release|Any CPU.ActiveCfg = Release|Any CPU
		{6CC58038-B168-4B30-A59A-7F4111710414}.Release|Any CPU.Build.0 = Release|Any CPU
	EndGlobalSection
	GlobalSection(SolutionProperties) = preSolution
		HideSolutionNode = FALSE
	EndGlobalSection
	GlobalSection(ExtensibilityGlobals) = postSolution
		SolutionGuid = {17C4D014-4330-405E-8F36-EE53D2F73D62}
	EndGlobalSection
EndGlobal
